// !$*UTF8*$!
{
	archiveVersion = 1;
	classes = {
	};
	objectVersion = 56;
	objects = {

/* Begin PBXBuildFile section */
		DED17A902CAC287500B4B8E1 /* MainTextField.swift in Sources */ = {isa = PBXBuildFile; fileRef = DED17A8F2CAC287500B4B8E1 /* MainTextField.swift */; };
		DED17A922CAC2B8800B4B8E1 /* AnniversaryNameView.swift in Sources */ = {isa = PBXBuildFile; fileRef = DED17A912CAC2B8800B4B8E1 /* AnniversaryNameView.swift */; };
		DED17A942CAC2DF000B4B8E1 /* MainTextEditor.swift in Sources */ = {isa = PBXBuildFile; fileRef = DED17A932CAC2DF000B4B8E1 /* MainTextEditor.swift */; };
		DED17A962CAC302000B4B8E1 /* AnniversaryDetailsView.swift in Sources */ = {isa = PBXBuildFile; fileRef = DED17A952CAC302000B4B8E1 /* AnniversaryDetailsView.swift */; };
		DED17A982CAC309300B4B8E1 /* AnniversarySummaryView.swift in Sources */ = {isa = PBXBuildFile; fileRef = DED17A972CAC309300B4B8E1 /* AnniversarySummaryView.swift */; };
		DED17A9A2CAC33E700B4B8E1 /* AnniversaryLastCheckView.swift in Sources */ = {isa = PBXBuildFile; fileRef = DED17A992CAC33E700B4B8E1 /* AnniversaryLastCheckView.swift */; };
		F08930E62C737CE6000D0206 /* CommemorizeItApp.swift in Sources */ = {isa = PBXBuildFile; fileRef = F08930E52C737CE6000D0206 /* CommemorizeItApp.swift */; };
		F08930E82C737CE6000D0206 /* ContentView.swift in Sources */ = {isa = PBXBuildFile; fileRef = F08930E72C737CE6000D0206 /* ContentView.swift */; };
		F08930EA2C737CE7000D0206 /* Assets.xcassets in Resources */ = {isa = PBXBuildFile; fileRef = F08930E92C737CE7000D0206 /* Assets.xcassets */; };
		F08930ED2C737CE7000D0206 /* Preview Assets.xcassets in Resources */ = {isa = PBXBuildFile; fileRef = F08930EC2C737CE7000D0206 /* Preview Assets.xcassets */; };
		F0D009752C981C01000FC47E /* MainButton.swift in Sources */ = {isa = PBXBuildFile; fileRef = F0D009742C981C01000FC47E /* MainButton.swift */; };
		F0D009772C98215C000FC47E /* HomeSegment.swift in Sources */ = {isa = PBXBuildFile; fileRef = F0D009762C98215C000FC47E /* HomeSegment.swift */; };
		F0D009792C9825E6000FC47E /* CategoListView.swift in Sources */ = {isa = PBXBuildFile; fileRef = F0D009782C9825E6000FC47E /* CategoListView.swift */; };
		F0D0097B2C9AC4CC000FC47E /* DateListView.swift in Sources */ = {isa = PBXBuildFile; fileRef = F0D0097A2C9AC4CC000FC47E /* DateListView.swift */; };
		F0D0097D2C9B321B000FC47E /* Font.swift in Sources */ = {isa = PBXBuildFile; fileRef = F0D0097C2C9B321B000FC47E /* Font.swift */; };
		F0D009802C9B38B8000FC47E /* Home.swift in Sources */ = {isa = PBXBuildFile; fileRef = F0D0097F2C9B38B8000FC47E /* Home.swift */; };
		F0D009822C9C590E000FC47E /* AnniversaryTypeListView.swift in Sources */ = {isa = PBXBuildFile; fileRef = F0D009812C9C590E000FC47E /* AnniversaryTypeListView.swift */; };
		F0D009842C9C6DC6000FC47E /* AnniversaryTypeView.swift in Sources */ = {isa = PBXBuildFile; fileRef = F0D009832C9C6DC6000FC47E /* AnniversaryTypeView.swift */; };
/* End PBXBuildFile section */

/* Begin PBXFileReference section */
		DED17A8F2CAC287500B4B8E1 /* MainTextField.swift */ = {isa = PBXFileReference; lastKnownFileType = sourcecode.swift; path = MainTextField.swift; sourceTree = "<group>"; };
		DED17A912CAC2B8800B4B8E1 /* AnniversaryNameView.swift */ = {isa = PBXFileReference; lastKnownFileType = sourcecode.swift; path = AnniversaryNameView.swift; sourceTree = "<group>"; };
		DED17A932CAC2DF000B4B8E1 /* MainTextEditor.swift */ = {isa = PBXFileReference; lastKnownFileType = sourcecode.swift; path = MainTextEditor.swift; sourceTree = "<group>"; };
		DED17A952CAC302000B4B8E1 /* AnniversaryDetailsView.swift */ = {isa = PBXFileReference; lastKnownFileType = sourcecode.swift; path = AnniversaryDetailsView.swift; sourceTree = "<group>"; };
		DED17A972CAC309300B4B8E1 /* AnniversarySummaryView.swift */ = {isa = PBXFileReference; lastKnownFileType = sourcecode.swift; path = AnniversarySummaryView.swift; sourceTree = "<group>"; };
		DED17A992CAC33E700B4B8E1 /* AnniversaryLastCheckView.swift */ = {isa = PBXFileReference; lastKnownFileType = sourcecode.swift; path = AnniversaryLastCheckView.swift; sourceTree = "<group>"; };
		F08930E22C737CE6000D0206 /* CommemorizeIt.app */ = {isa = PBXFileReference; explicitFileType = wrapper.application; includeInIndex = 0; path = CommemorizeIt.app; sourceTree = BUILT_PRODUCTS_DIR; };
		F08930E52C737CE6000D0206 /* CommemorizeItApp.swift */ = {isa = PBXFileReference; lastKnownFileType = sourcecode.swift; path = CommemorizeItApp.swift; sourceTree = "<group>"; };
		F08930E72C737CE6000D0206 /* ContentView.swift */ = {isa = PBXFileReference; lastKnownFileType = sourcecode.swift; path = ContentView.swift; sourceTree = "<group>"; };
		F08930E92C737CE7000D0206 /* Assets.xcassets */ = {isa = PBXFileReference; lastKnownFileType = folder.assetcatalog; path = Assets.xcassets; sourceTree = "<group>"; };
		F08930EC2C737CE7000D0206 /* Preview Assets.xcassets */ = {isa = PBXFileReference; lastKnownFileType = folder.assetcatalog; path = "Preview Assets.xcassets"; sourceTree = "<group>"; };
		F0D009742C981C01000FC47E /* MainButton.swift */ = {isa = PBXFileReference; lastKnownFileType = sourcecode.swift; path = MainButton.swift; sourceTree = "<group>"; };
		F0D009762C98215C000FC47E /* HomeSegment.swift */ = {isa = PBXFileReference; lastKnownFileType = sourcecode.swift; path = HomeSegment.swift; sourceTree = "<group>"; };
		F0D009782C9825E6000FC47E /* CategoListView.swift */ = {isa = PBXFileReference; lastKnownFileType = sourcecode.swift; path = CategoListView.swift; sourceTree = "<group>"; };
		F0D0097A2C9AC4CC000FC47E /* DateListView.swift */ = {isa = PBXFileReference; lastKnownFileType = sourcecode.swift; path = DateListView.swift; sourceTree = "<group>"; };
		F0D0097C2C9B321B000FC47E /* Font.swift */ = {isa = PBXFileReference; lastKnownFileType = sourcecode.swift; path = Font.swift; sourceTree = "<group>"; };
		F0D0097F2C9B38B8000FC47E /* Home.swift */ = {isa = PBXFileReference; lastKnownFileType = sourcecode.swift; path = Home.swift; sourceTree = "<group>"; };
		F0D009812C9C590E000FC47E /* AnniversaryTypeListView.swift */ = {isa = PBXFileReference; lastKnownFileType = sourcecode.swift; path = AnniversaryTypeListView.swift; sourceTree = "<group>"; };
		F0D009832C9C6DC6000FC47E /* AnniversaryTypeView.swift */ = {isa = PBXFileReference; lastKnownFileType = sourcecode.swift; path = AnniversaryTypeView.swift; sourceTree = "<group>"; };
/* End PBXFileReference section */

/* Begin PBXFrameworksBuildPhase section */
		F08930DF2C737CE6000D0206 /* Frameworks */ = {
			isa = PBXFrameworksBuildPhase;
			buildActionMask = 2147483647;
			files = (
			);
			runOnlyForDeploymentPostprocessing = 0;
		};
/* End PBXFrameworksBuildPhase section */

/* Begin PBXGroup section */
		F08930D92C737CE6000D0206 = {
			isa = PBXGroup;
			children = (
				F08930E42C737CE6000D0206 /* CommemorizeIt */,
				F08930E32C737CE6000D0206 /* Products */,
			);
			sourceTree = "<group>";
		};
		F08930E32C737CE6000D0206 /* Products */ = {
			isa = PBXGroup;
			children = (
				F08930E22C737CE6000D0206 /* CommemorizeIt.app */,
			);
			name = Products;
			sourceTree = "<group>";
		};
		F08930E42C737CE6000D0206 /* CommemorizeIt */ = {
			isa = PBXGroup;
			children = (
				F08930E52C737CE6000D0206 /* CommemorizeItApp.swift */,
				F08930E72C737CE6000D0206 /* ContentView.swift */,
				F08930E92C737CE7000D0206 /* Assets.xcassets */,
				F08930EB2C737CE7000D0206 /* Preview Content */,
				F0D009742C981C01000FC47E /* MainButton.swift */,
				F0D0097C2C9B321B000FC47E /* Font.swift */,
				F0D009762C98215C000FC47E /* HomeSegment.swift */,
				F0D009782C9825E6000FC47E /* CategoListView.swift */,
				F0D0097A2C9AC4CC000FC47E /* DateListView.swift */,
				F0D0097F2C9B38B8000FC47E /* Home.swift */,
				F0D009812C9C590E000FC47E /* AnniversaryTypeListView.swift */,
				F0D009832C9C6DC6000FC47E /* AnniversaryTypeView.swift */,
				DED17A8F2CAC287500B4B8E1 /* MainTextField.swift */,
				DED17A912CAC2B8800B4B8E1 /* AnniversaryNameView.swift */,
				DED17A932CAC2DF000B4B8E1 /* MainTextEditor.swift */,
				DED17A952CAC302000B4B8E1 /* AnniversaryDetailsView.swift */,
				DED17A972CAC309300B4B8E1 /* AnniversarySummaryView.swift */,
				DED17A992CAC33E700B4B8E1 /* AnniversaryLastCheckView.swift */,
			);
			path = CommemorizeIt;
			sourceTree = "<group>";
		};
		F08930EB2C737CE7000D0206 /* Preview Content */ = {
			isa = PBXGroup;
			children = (
				F08930EC2C737CE7000D0206 /* Preview Assets.xcassets */,
			);
			path = "Preview Content";
			sourceTree = "<group>";
		};
/* End PBXGroup section */

/* Begin PBXNativeTarget section */
		F08930E12C737CE6000D0206 /* CommemorizeIt */ = {
			isa = PBXNativeTarget;
			buildConfigurationList = F08930F02C737CE7000D0206 /* Build configuration list for PBXNativeTarget "CommemorizeIt" */;
			buildPhases = (
				F08930DE2C737CE6000D0206 /* Sources */,
				F08930DF2C737CE6000D0206 /* Frameworks */,
				F08930E02C737CE6000D0206 /* Resources */,
			);
			buildRules = (
			);
			dependencies = (
			);
			name = CommemorizeIt;
			productName = CommemorizeIt;
			productReference = F08930E22C737CE6000D0206 /* CommemorizeIt.app */;
			productType = "com.apple.product-type.application";
		};
/* End PBXNativeTarget section */

/* Begin PBXProject section */
		F08930DA2C737CE6000D0206 /* Project object */ = {
			isa = PBXProject;
			attributes = {
				BuildIndependentTargetsInParallel = 1;
				LastSwiftUpdateCheck = 1540;
				LastUpgradeCheck = 1540;
				TargetAttributes = {
					F08930E12C737CE6000D0206 = {
						CreatedOnToolsVersion = 15.4;
					};
				};
			};
			buildConfigurationList = F08930DD2C737CE6000D0206 /* Build configuration list for PBXProject "CommemorizeIt" */;
			compatibilityVersion = "Xcode 14.0";
			developmentRegion = en;
			hasScannedForEncodings = 0;
			knownRegions = (
				en,
				Base,
			);
			mainGroup = F08930D92C737CE6000D0206;
			productRefGroup = F08930E32C737CE6000D0206 /* Products */;
			projectDirPath = "";
			projectRoot = "";
			targets = (
				F08930E12C737CE6000D0206 /* CommemorizeIt */,
			);
		};
/* End PBXProject section */

/* Begin PBXResourcesBuildPhase section */
		F08930E02C737CE6000D0206 /* Resources */ = {
			isa = PBXResourcesBuildPhase;
			buildActionMask = 2147483647;
			files = (
				F08930ED2C737CE7000D0206 /* Preview Assets.xcassets in Resources */,
				F08930EA2C737CE7000D0206 /* Assets.xcassets in Resources */,
			);
			runOnlyForDeploymentPostprocessing = 0;
		};
/* End PBXResourcesBuildPhase section */

/* Begin PBXSourcesBuildPhase section */
		F08930DE2C737CE6000D0206 /* Sources */ = {
			isa = PBXSourcesBuildPhase;
			buildActionMask = 2147483647;
			files = (
				F0D0097B2C9AC4CC000FC47E /* DateListView.swift in Sources */,
				DED17A902CAC287500B4B8E1 /* MainTextField.swift in Sources */,
				DED17A942CAC2DF000B4B8E1 /* MainTextEditor.swift in Sources */,
				F0D009772C98215C000FC47E /* HomeSegment.swift in Sources */,
				F0D0097D2C9B321B000FC47E /* Font.swift in Sources */,
				F08930E82C737CE6000D0206 /* ContentView.swift in Sources */,
				DED17A962CAC302000B4B8E1 /* AnniversaryDetailsView.swift in Sources */,
				F08930E62C737CE6000D0206 /* CommemorizeItApp.swift in Sources */,
				DED17A9A2CAC33E700B4B8E1 /* AnniversaryLastCheckView.swift in Sources */,
				DED17A922CAC2B8800B4B8E1 /* AnniversaryNameView.swift in Sources */,
				F0D009792C9825E6000FC47E /* CategoListView.swift in Sources */,
				DED17A982CAC309300B4B8E1 /* AnniversarySummaryView.swift in Sources */,
				F0D009802C9B38B8000FC47E /* Home.swift in Sources */,
				F0D009752C981C01000FC47E /* MainButton.swift in Sources */,
				F0D009822C9C590E000FC47E /* AnniversaryTypeListView.swift in Sources */,
				F0D009842C9C6DC6000FC47E /* AnniversaryTypeView.swift in Sources */,
			);
			runOnlyForDeploymentPostprocessing = 0;
		};
/* End PBXSourcesBuildPhase section */

/* Begin XCBuildConfiguration section */
		F08930EE2C737CE7000D0206 /* Debug */ = {
			isa = XCBuildConfiguration;
			buildSettings = {
				ALWAYS_SEARCH_USER_PATHS = NO;
				ASSETCATALOG_COMPILER_GENERATE_SWIFT_ASSET_SYMBOL_EXTENSIONS = YES;
				CLANG_ANALYZER_NONNULL = YES;
				CLANG_ANALYZER_NUMBER_OBJECT_CONVERSION = YES_AGGRESSIVE;
				CLANG_CXX_LANGUAGE_STANDARD = "gnu++20";
				CLANG_ENABLE_MODULES = YES;
				CLANG_ENABLE_OBJC_ARC = YES;
				CLANG_ENABLE_OBJC_WEAK = YES;
				CLANG_WARN_BLOCK_CAPTURE_AUTORELEASING = YES;
				CLANG_WARN_BOOL_CONVERSION = YES;
				CLANG_WARN_COMMA = YES;
				CLANG_WARN_CONSTANT_CONVERSION = YES;
				CLANG_WARN_DEPRECATED_OBJC_IMPLEMENTATIONS = YES;
				CLANG_WARN_DIRECT_OBJC_ISA_USAGE = YES_ERROR;
				CLANG_WARN_DOCUMENTATION_COMMENTS = YES;
				CLANG_WARN_EMPTY_BODY = YES;
				CLANG_WARN_ENUM_CONVERSION = YES;
				CLANG_WARN_INFINITE_RECURSION = YES;
				CLANG_WARN_INT_CONVERSION = YES;
				CLANG_WARN_NON_LITERAL_NULL_CONVERSION = YES;
				CLANG_WARN_OBJC_IMPLICIT_RETAIN_SELF = YES;
				CLANG_WARN_OBJC_LITERAL_CONVERSION = YES;
				CLANG_WARN_OBJC_ROOT_CLASS = YES_ERROR;
				CLANG_WARN_QUOTED_INCLUDE_IN_FRAMEWORK_HEADER = YES;
				CLANG_WARN_RANGE_LOOP_ANALYSIS = YES;
				CLANG_WARN_STRICT_PROTOTYPES = YES;
				CLANG_WARN_SUSPICIOUS_MOVE = YES;
				CLANG_WARN_UNGUARDED_AVAILABILITY = YES_AGGRESSIVE;
				CLANG_WARN_UNREACHABLE_CODE = YES;
				CLANG_WARN__DUPLICATE_METHOD_MATCH = YES;
				COPY_PHASE_STRIP = NO;
				DEBUG_INFORMATION_FORMAT = dwarf;
				ENABLE_STRICT_OBJC_MSGSEND = YES;
				ENABLE_TESTABILITY = YES;
				ENABLE_USER_SCRIPT_SANDBOXING = YES;
				GCC_C_LANGUAGE_STANDARD = gnu17;
				GCC_DYNAMIC_NO_PIC = NO;
				GCC_NO_COMMON_BLOCKS = YES;
				GCC_OPTIMIZATION_LEVEL = 0;
				GCC_PREPROCESSOR_DEFINITIONS = (
					"DEBUG=1",
					"$(inherited)",
				);
				GCC_WARN_64_TO_32_BIT_CONVERSION = YES;
				GCC_WARN_ABOUT_RETURN_TYPE = YES_ERROR;
				GCC_WARN_UNDECLARED_SELECTOR = YES;
				GCC_WARN_UNINITIALIZED_AUTOS = YES_AGGRESSIVE;
				GCC_WARN_UNUSED_FUNCTION = YES;
				GCC_WARN_UNUSED_VARIABLE = YES;
				IPHONEOS_DEPLOYMENT_TARGET = 17.5;
				LOCALIZATION_PREFERS_STRING_CATALOGS = YES;
				MTL_ENABLE_DEBUG_INFO = INCLUDE_SOURCE;
				MTL_FAST_MATH = YES;
				ONLY_ACTIVE_ARCH = YES;
				SDKROOT = iphoneos;
				SWIFT_ACTIVE_COMPILATION_CONDITIONS = "DEBUG $(inherited)";
				SWIFT_OPTIMIZATION_LEVEL = "-Onone";
			};
			name = Debug;
		};
		F08930EF2C737CE7000D0206 /* Release */ = {
			isa = XCBuildConfiguration;
			buildSettings = {
				ALWAYS_SEARCH_USER_PATHS = NO;
				ASSETCATALOG_COMPILER_GENERATE_SWIFT_ASSET_SYMBOL_EXTENSIONS = YES;
				CLANG_ANALYZER_NONNULL = YES;
				CLANG_ANALYZER_NUMBER_OBJECT_CONVERSION = YES_AGGRESSIVE;
				CLANG_CXX_LANGUAGE_STANDARD = "gnu++20";
				CLANG_ENABLE_MODULES = YES;
				CLANG_ENABLE_OBJC_ARC = YES;
				CLANG_ENABLE_OBJC_WEAK = YES;
				CLANG_WARN_BLOCK_CAPTURE_AUTORELEASING = YES;
				CLANG_WARN_BOOL_CONVERSION = YES;
				CLANG_WARN_COMMA = YES;
				CLANG_WARN_CONSTANT_CONVERSION = YES;
				CLANG_WARN_DEPRECATED_OBJC_IMPLEMENTATIONS = YES;
				CLANG_WARN_DIRECT_OBJC_ISA_USAGE = YES_ERROR;
				CLANG_WARN_DOCUMENTATION_COMMENTS = YES;
				CLANG_WARN_EMPTY_BODY = YES;
				CLANG_WARN_ENUM_CONVERSION = YES;
				CLANG_WARN_INFINITE_RECURSION = YES;
				CLANG_WARN_INT_CONVERSION = YES;
				CLANG_WARN_NON_LITERAL_NULL_CONVERSION = YES;
				CLANG_WARN_OBJC_IMPLICIT_RETAIN_SELF = YES;
				CLANG_WARN_OBJC_LITERAL_CONVERSION = YES;
				CLANG_WARN_OBJC_ROOT_CLASS = YES_ERROR;
				CLANG_WARN_QUOTED_INCLUDE_IN_FRAMEWORK_HEADER = YES;
				CLANG_WARN_RANGE_LOOP_ANALYSIS = YES;
				CLANG_WARN_STRICT_PROTOTYPES = YES;
				CLANG_WARN_SUSPICIOUS_MOVE = YES;
				CLANG_WARN_UNGUARDED_AVAILABILITY = YES_AGGRESSIVE;
				CLANG_WARN_UNREACHABLE_CODE = YES;
				CLANG_WARN__DUPLICATE_METHOD_MATCH = YES;
				COPY_PHASE_STRIP = NO;
				DEBUG_INFORMATION_FORMAT = "dwarf-with-dsym";
				ENABLE_NS_ASSERTIONS = NO;
				ENABLE_STRICT_OBJC_MSGSEND = YES;
				ENABLE_USER_SCRIPT_SANDBOXING = YES;
				GCC_C_LANGUAGE_STANDARD = gnu17;
				GCC_NO_COMMON_BLOCKS = YES;
				GCC_WARN_64_TO_32_BIT_CONVERSION = YES;
				GCC_WARN_ABOUT_RETURN_TYPE = YES_ERROR;
				GCC_WARN_UNDECLARED_SELECTOR = YES;
				GCC_WARN_UNINITIALIZED_AUTOS = YES_AGGRESSIVE;
				GCC_WARN_UNUSED_FUNCTION = YES;
				GCC_WARN_UNUSED_VARIABLE = YES;
				IPHONEOS_DEPLOYMENT_TARGET = 17.5;
				LOCALIZATION_PREFERS_STRING_CATALOGS = YES;
				MTL_ENABLE_DEBUG_INFO = NO;
				MTL_FAST_MATH = YES;
				SDKROOT = iphoneos;
				SWIFT_COMPILATION_MODE = wholemodule;
				VALIDATE_PRODUCT = YES;
			};
			name = Release;
		};
		F08930F12C737CE7000D0206 /* Debug */ = {
			isa = XCBuildConfiguration;
			buildSettings = {
				ASSETCATALOG_COMPILER_APPICON_NAME = AppIcon;
				ASSETCATALOG_COMPILER_GLOBAL_ACCENT_COLOR_NAME = AccentColor;
				CODE_SIGN_STYLE = Automatic;
				CURRENT_PROJECT_VERSION = 1;
				DEVELOPMENT_ASSET_PATHS = "\"CommemorizeIt/Preview Content\"";
				DEVELOPMENT_TEAM = 9RKY6WA7NC;
				ENABLE_PREVIEWS = YES;
				GENERATE_INFOPLIST_FILE = YES;
				INFOPLIST_KEY_UIApplicationSceneManifest_Generation = YES;
				INFOPLIST_KEY_UIApplicationSupportsIndirectInputEvents = YES;
				INFOPLIST_KEY_UILaunchScreen_Generation = YES;
				INFOPLIST_KEY_UISupportedInterfaceOrientations_iPad = "UIInterfaceOrientationPortrait UIInterfaceOrientationPortraitUpsideDown UIInterfaceOrientationLandscapeLeft UIInterfaceOrientationLandscapeRight";
				INFOPLIST_KEY_UISupportedInterfaceOrientations_iPhone = "UIInterfaceOrientationPortrait UIInterfaceOrientationLandscapeLeft UIInterfaceOrientationLandscapeRight";
				LD_RUNPATH_SEARCH_PATHS = (
					"$(inherited)",
					"@executable_path/Frameworks",
				);
				MARKETING_VERSION = 1.0;
				PRODUCT_BUNDLE_IDENTIFIER = com.example.CommemorizeIt;
				PRODUCT_NAME = "$(TARGET_NAME)";
				SWIFT_EMIT_LOC_STRINGS = YES;
				SWIFT_VERSION = 5.0;
				TARGETED_DEVICE_FAMILY = "1,2";
			};
			name = Debug;
		};
		F08930F22C737CE7000D0206 /* Release */ = {
			isa = XCBuildConfiguration;
			buildSettings = {
				ASSETCATALOG_COMPILER_APPICON_NAME = AppIcon;
				ASSETCATALOG_COMPILER_GLOBAL_ACCENT_COLOR_NAME = AccentColor;
				CODE_SIGN_STYLE = Automatic;
				CURRENT_PROJECT_VERSION = 1;
				DEVELOPMENT_ASSET_PATHS = "\"CommemorizeIt/Preview Content\"";
				DEVELOPMENT_TEAM = 9RKY6WA7NC;
				ENABLE_PREVIEWS = YES;
				GENERATE_INFOPLIST_FILE = YES;
				INFOPLIST_KEY_UIApplicationSceneManifest_Generation = YES;
				INFOPLIST_KEY_UIApplicationSupportsIndirectInputEvents = YES;
				INFOPLIST_KEY_UILaunchScreen_Generation = YES;
				INFOPLIST_KEY_UISupportedInterfaceOrientations_iPad = "UIInterfaceOrientationPortrait UIInterfaceOrientationPortraitUpsideDown UIInterfaceOrientationLandscapeLeft UIInterfaceOrientationLandscapeRight";
				INFOPLIST_KEY_UISupportedInterfaceOrientations_iPhone = "UIInterfaceOrientationPortrait UIInterfaceOrientationLandscapeLeft UIInterfaceOrientationLandscapeRight";
				LD_RUNPATH_SEARCH_PATHS = (
					"$(inherited)",
					"@executable_path/Frameworks",
				);
				MARKETING_VERSION = 1.0;
				PRODUCT_BUNDLE_IDENTIFIER = com.example.CommemorizeIt;
				PRODUCT_NAME = "$(TARGET_NAME)";
				SWIFT_EMIT_LOC_STRINGS = YES;
				SWIFT_VERSION = 5.0;
				TARGETED_DEVICE_FAMILY = "1,2";
			};
			name = Release;
		};
/* End XCBuildConfiguration section */

/* Begin XCConfigurationList section */
		F08930DD2C737CE6000D0206 /* Build configuration list for PBXProject "CommemorizeIt" */ = {
			isa = XCConfigurationList;
			buildConfigurations = (
				F08930EE2C737CE7000D0206 /* Debug */,
				F08930EF2C737CE7000D0206 /* Release */,
			);
			defaultConfigurationIsVisible = 0;
			defaultConfigurationName = Release;
		};
		F08930F02C737CE7000D0206 /* Build configuration list for PBXNativeTarget "CommemorizeIt" */ = {
			isa = XCConfigurationList;
			buildConfigurations = (
				F08930F12C737CE7000D0206 /* Debug */,
				F08930F22C737CE7000D0206 /* Release */,
			);
			defaultConfigurationIsVisible = 0;
			defaultConfigurationName = Release;
		};
/* End XCConfigurationList section */
	};
	rootObject = F08930DA2C737CE6000D0206 /* Project object */;
}
